<?xml version="1.0" encoding="UTF-8" standalone="yes" ?>
<CodeBlocks_project_file>
	<FileVersion major="1" minor="6" />
	<Project>
		<Option title="faultreport" />
		<Option pch_mode="2" />
		<Option compiler="gcc" />
		<Build>
			<Target title="Debug">
				<Option output="../bin/faultreport" prefix_auto="1" extension_auto="1" />
				<Option object_output="obj/Debug/" />
				<Option type="1" />
				<Option compiler="gcc" />
				<Compiler>
					<Add option="-g" />
					<Add directory="../../libadsp/src" />
					<Add directory="../../libcomtrade/src" />
					<Add directory="../../fftw-3.3.4-dll32" />
					<Add directory="../../libsndfile/include" />
				</Compiler>
				<Linker>
					<Add library="../bin/libadsp.a" />
					<Add library="../bin/libcomtrade.a" />
					<Add library="../../fftw-3.3.4-dll32/libfftw3-3.lib" />
					<Add library="../../libsndfile/lib/libsndfile-1.lib" />
				</Linker>
			</Target>
			<Target title="Release">
				<Option output="bin/Release/faultreport" prefix_auto="1" extension_auto="1" />
				<Option object_output="obj/Release/" />
				<Option type="1" />
				<Option compiler="gcc" />
				<Compiler>
					<Add option="-O2" />
				</Compiler>
				<Linker>
					<Add option="-s" />
				</Linker>
			</Target>
		</Build>
		<Compiler>
			<Add option="-Wall" />
			<Add option="-fexceptions" />
		</Compiler>
		<Unit filename="../../program/faultreport/src/main.cpp" />
		<Unit filename="../../program/faultreport/src/pll.cpp" />
		<Unit filename="../../program/faultreport/src/pll.h" />
		<Extensions>
			<code_completion />
			<envvars />
			<debugger />
		</Extensions>
	</Project>
</CodeBlocks_project_file>
